Microsoft Visual Studio Solution File, Format Version 12.00
# Visual Studio Version 17
VisualStudioVersion = 17.5.2.0
MinimumVisualStudioVersion = 10.0.40219.1
Project("{FAE04EC0-301F-11D3-BF4B-00C04F79EFBC}") = "DocotAppointmentSystem", "DocotAppointmentSystem.csproj", "{D003D948-CFAA-6FB7-B266-C69E99F357AF}"
EndProject
Global
	GlobalSection(SolutionConfigurationPlatforms) = preSolution
		Debug|Any CPU = Debug|Any CPU
		Release|Any CPU = Release|Any CPU
	EndGlobalSection
	GlobalSection(ProjectConfigurationPlatforms) = postSolution
		{D003D948-CFAA-6FB7-B266-C69E99F357AF}.Debug|Any CPU.ActiveCfg = Debug|Any CPU
		{D003D948-CFAA-6FB7-B266-C69E99F357AF}.Debug|Any CPU.Build.0 = Debug|Any CPU
		{D003D948-CFAA-6FB7-B266-C69E99F357AF}.Release|Any CPU.ActiveCfg = Release|Any CPU
		{D003D948-CFAA-6FB7-B266-C69E99F357AF}.Release|Any CPU.Build.0 = Release|Any CPU
	EndGlobalSection
	GlobalSection(SolutionProperties) = preSolution
		HideSolutionNode = FALSE
	EndGlobalSection
	GlobalSection(ExtensibilityGlobals) = postSolution
		SolutionGuid = {52E56B45-8D07-457C-A6FE-68C1BF052B12}
	EndGlobalSection
EndGlobal
